
Microsoft Visual Studio Solution File, Format Version 12.00
# Visual Studio 15
VisualStudioVersion = 15.0.27428.2027
MinimumVisualStudioVersion = 10.0.40219.1
Project("{FAE04EC0-301F-11D3-BF4B-00C04F79EFBC}") = "Zadanie1", "Zadanie1\Zadanie1.csproj", "{1E75FF1D-32B2-40FF-ADF9-3A25F0AC69FE}"
EndProject
Project("{FAE04EC0-301F-11D3-BF4B-00C04F79EFBC}") = "Zadanie2", "Zadanie2\Zadanie2.csproj", "{040B2C2D-54CC-4D5C-BCA0-73AC0CB5245B}"
EndProject
Project("{FAE04EC0-301F-11D3-BF4B-00C04F79EFBC}") = "Zadanie3", "Zadanie3\Zadanie3.csproj", "{E71D28FD-F018-414C-9F0D-E10ACA521900}"
EndProject
Project("{FAE04EC0-301F-11D3-BF4B-00C04F79EFBC}") = "Zadanie4", "Zadanie4\Zadanie4.csproj", "{25B45411-5EFC-40B3-BB53-C870DF70FDED}"
EndProject
Project("{FAE04EC0-301F-11D3-BF4B-00C04F79EFBC}") = "Zadanie5", "Zadanie5\Zadanie5.csproj", "{AF496B70-55F5-4E2F-A402-000812DBEE18}"
EndProject
Global
	GlobalSection(SolutionConfigurationPlatforms) = preSolution
		Debug|Any CPU = Debug|Any CPU
		Release|Any CPU = Release|Any CPU
	EndGlobalSection
	GlobalSection(ProjectConfigurationPlatforms) = postSolution
		{1E75FF1D-32B2-40FF-ADF9-3A25F0AC69FE}.Debug|Any CPU.ActiveCfg = Debug|Any CPU
		{1E75FF1D-32B2-40FF-ADF9-3A25F0AC69FE}.Debug|Any CPU.Build.0 = Debug|Any CPU
		{1E75FF1D-32B2-40FF-ADF9-3A25F0AC69FE}.Release|Any CPU.ActiveCfg = Release|Any CPU
		{1E75FF1D-32B2-40FF-ADF9-3A25F0AC69FE}.Release|Any CPU.Build.0 = Release|Any CPU
		{040B2C2D-54CC-4D5C-BCA0-73AC0CB5245B}.Debug|Any CPU.ActiveCfg = Debug|Any CPU
		{040B2C2D-54CC-4D5C-BCA0-73AC0CB5245B}.Debug|Any CPU.Build.0 = Debug|Any CPU
		{040B2C2D-54CC-4D5C-BCA0-73AC0CB5245B}.Release|Any CPU.ActiveCfg = Release|Any CPU
		{040B2C2D-54CC-4D5C-BCA0-73AC0CB5245B}.Release|Any CPU.Build.0 = Release|Any CPU
		{E71D28FD-F018-414C-9F0D-E10ACA521900}.Debug|Any CPU.ActiveCfg = Debug|Any CPU
		{E71D28FD-F018-414C-9F0D-E10ACA521900}.Debug|Any CPU.Build.0 = Debug|Any CPU
		{E71D28FD-F018-414C-9F0D-E10ACA521900}.Release|Any CPU.ActiveCfg = Release|Any CPU
		{E71D28FD-F018-414C-9F0D-E10ACA521900}.Release|Any CPU.Build.0 = Release|Any CPU
		{25B45411-5EFC-40B3-BB53-C870DF70FDED}.Debug|Any CPU.ActiveCfg = Debug|Any CPU
		{25B45411-5EFC-40B3-BB53-C870DF70FDED}.Debug|Any CPU.Build.0 = Debug|Any CPU
		{25B45411-5EFC-40B3-BB53-C870DF70FDED}.Release|Any CPU.ActiveCfg = Release|Any CPU
		{25B45411-5EFC-40B3-BB53-C870DF70FDED}.Release|Any CPU.Build.0 = Release|Any CPU
		{AF496B70-55F5-4E2F-A402-000812DBEE18}.Debug|Any CPU.ActiveCfg = Debug|Any CPU
		{AF496B70-55F5-4E2F-A402-000812DBEE18}.Debug|Any CPU.Build.0 = Debug|Any CPU
		{AF496B70-55F5-4E2F-A402-000812DBEE18}.Release|Any CPU.ActiveCfg = Release|Any CPU
		{AF496B70-55F5-4E2F-A402-000812DBEE18}.Release|Any CPU.Build.0 = Release|Any CPU
	EndGlobalSection
	GlobalSection(SolutionProperties) = preSolution
		HideSolutionNode = FALSE
	EndGlobalSection
	GlobalSection(ExtensibilityGlobals) = postSolution
		SolutionGuid = {FD312520-B098-4270-8498-75B64C95043B}
	EndGlobalSection
EndGlobal
